
Microsoft Visual Studio Solution File, Format Version 12.00
# Visual Studio Version 16
VisualStudioVersion = 16.0.30523.141
MinimumVisualStudioVersion = 10.0.40219.1
Project("{FAE04EC0-301F-11D3-BF4B-00C04F79EFBC}") = "Aplikacje desktopowe, zad 1", "Aplikacje desktopowe, zad 1.csproj", "{0335F4F7-1257-4FDC-9B8A-9F6068783CAB}"
EndProject
Global
	GlobalSection(SolutionConfigurationPlatforms) = preSolution
		Debug|Any CPU = Debug|Any CPU
		Release|Any CPU = Release|Any CPU
	EndGlobalSection
	GlobalSection(ProjectConfigurationPlatforms) = postSolution
		{0335F4F7-1257-4FDC-9B8A-9F6068783CAB}.Debug|Any CPU.ActiveCfg = Debug|Any CPU
		{0335F4F7-1257-4FDC-9B8A-9F6068783CAB}.Debug|Any CPU.Build.0 = Debug|Any CPU
		{0335F4F7-1257-4FDC-9B8A-9F6068783CAB}.Release|Any CPU.ActiveCfg = Release|Any CPU
		{0335F4F7-1257-4FDC-9B8A-9F6068783CAB}.Release|Any CPU.Build.0 = Release|Any CPU
	EndGlobalSection
	GlobalSection(SolutionProperties) = preSolution
		HideSolutionNode = FALSE
	EndGlobalSection
	GlobalSection(ExtensibilityGlobals) = postSolution
		SolutionGuid = {E2DE3C99-48A0-4059-A361-C10A24C6566D}
	EndGlobalSection
EndGlobal
